
Microsoft Visual Studio Solution File, Format Version 12.00
# Visual Studio Version 17
VisualStudioVersion = 17.7.34221.43
MinimumVisualStudioVersion = 10.0.40219.1
Project("{9A19103F-16F7-4668-BE54-9A1E7A4F7556}") = "Codility-Fish", "Codility-Fish\Codility-Fish.csproj", "{E62507BE-5DD0-4A48-A3BF-E842E7FDBA97}"
EndProject
Project("{FAE04EC0-301F-11D3-BF4B-00C04F79EFBC}") = "Codility-FishTests", "Codility-FishTests\Codility-FishTests.csproj", "{E821282A-4D7E-4CCB-90C2-C7EB5D7522CD}"
EndProject
Global
	GlobalSection(SolutionConfigurationPlatforms) = preSolution
		Debug|Any CPU = Debug|Any CPU
		Release|Any CPU = Release|Any CPU
	EndGlobalSection
	GlobalSection(ProjectConfigurationPlatforms) = postSolution
		{E62507BE-5DD0-4A48-A3BF-E842E7FDBA97}.Debug|Any CPU.ActiveCfg = Debug|Any CPU
		{E62507BE-5DD0-4A48-A3BF-E842E7FDBA97}.Debug|Any CPU.Build.0 = Debug|Any CPU
		{E62507BE-5DD0-4A48-A3BF-E842E7FDBA97}.Release|Any CPU.ActiveCfg = Release|Any CPU
		{E62507BE-5DD0-4A48-A3BF-E842E7FDBA97}.Release|Any CPU.Build.0 = Release|Any CPU
		{E821282A-4D7E-4CCB-90C2-C7EB5D7522CD}.Debug|Any CPU.ActiveCfg = Debug|Any CPU
		{E821282A-4D7E-4CCB-90C2-C7EB5D7522CD}.Debug|Any CPU.Build.0 = Debug|Any CPU
		{E821282A-4D7E-4CCB-90C2-C7EB5D7522CD}.Release|Any CPU.ActiveCfg = Release|Any CPU
		{E821282A-4D7E-4CCB-90C2-C7EB5D7522CD}.Release|Any CPU.Build.0 = Release|Any CPU
	EndGlobalSection
	GlobalSection(SolutionProperties) = preSolution
		HideSolutionNode = FALSE
	EndGlobalSection
	GlobalSection(ExtensibilityGlobals) = postSolution
		SolutionGuid = {F2958688-6066-4D79-A70C-65DE80D9B905}
	EndGlobalSection
EndGlobal
